
Microsoft Visual Studio Solution File, Format Version 12.00
# Visual Studio Version 17
VisualStudioVersion = 17.0.31903.59
MinimumVisualStudioVersion = 10.0.40219.1
Project("{FAE04EC0-301F-11D3-BF4B-00C04F79EFBC}") = "WordCount.Test", "test\WordCount.Test.csproj", "{CA5CC9EA-CC82-4F49-88EC-25162DCC4EE0}"
EndProject
Project("{FAE04EC0-301F-11D3-BF4B-00C04F79EFBC}") = "WordCount", "src\WordCount.csproj", "{811B9E9B-5F63-4735-A37F-56B6BFFE08CA}"
EndProject
Global
	GlobalSection(SolutionConfigurationPlatforms) = preSolution
		Debug|Any CPU = Debug|Any CPU
		Release|Any CPU = Release|Any CPU
	EndGlobalSection
	GlobalSection(SolutionProperties) = preSolution
		HideSolutionNode = FALSE
	EndGlobalSection
	GlobalSection(ProjectConfigurationPlatforms) = postSolution
		{CA5CC9EA-CC82-4F49-88EC-25162DCC4EE0}.Debug|Any CPU.ActiveCfg = Debug|Any CPU
		{CA5CC9EA-CC82-4F49-88EC-25162DCC4EE0}.Debug|Any CPU.Build.0 = Debug|Any CPU
		{CA5CC9EA-CC82-4F49-88EC-25162DCC4EE0}.Release|Any CPU.ActiveCfg = Release|Any CPU
		{CA5CC9EA-CC82-4F49-88EC-25162DCC4EE0}.Release|Any CPU.Build.0 = Release|Any CPU
		{811B9E9B-5F63-4735-A37F-56B6BFFE08CA}.Debug|Any CPU.ActiveCfg = Debug|Any CPU
		{811B9E9B-5F63-4735-A37F-56B6BFFE08CA}.Debug|Any CPU.Build.0 = Debug|Any CPU
		{811B9E9B-5F63-4735-A37F-56B6BFFE08CA}.Release|Any CPU.ActiveCfg = Release|Any CPU
		{811B9E9B-5F63-4735-A37F-56B6BFFE08CA}.Release|Any CPU.Build.0 = Release|Any CPU
	EndGlobalSection
EndGlobal
